
Microsoft Visual Studio Solution File, Format Version 12.00
# Visual Studio Version 17
VisualStudioVersion = 17.5.33530.505
MinimumVisualStudioVersion = 10.0.40219.1
Project("{FAE04EC0-301F-11D3-BF4B-00C04F79EFBC}") = "Lab12", "Lab12\Lab12.csproj", "{3FE0C81B-9440-4279-9665-D30A44BFB58A}"
EndProject
Project("{FAE04EC0-301F-11D3-BF4B-00C04F79EFBC}") = "PW", "PW\PW.csproj", "{7F53FA0F-C071-4905-AE89-704984E7A7A8}"
EndProject
Project("{FAE04EC0-301F-11D3-BF4B-00C04F79EFBC}") = "HW", "HW\HW.csproj", "{48B88008-7760-45E2-9025-4F60B4DCAB5A}"
EndProject
Global
	GlobalSection(SolutionConfigurationPlatforms) = preSolution
		Debug|Any CPU = Debug|Any CPU
		Release|Any CPU = Release|Any CPU
	EndGlobalSection
	GlobalSection(ProjectConfigurationPlatforms) = postSolution
		{3FE0C81B-9440-4279-9665-D30A44BFB58A}.Debug|Any CPU.ActiveCfg = Debug|Any CPU
		{3FE0C81B-9440-4279-9665-D30A44BFB58A}.Debug|Any CPU.Build.0 = Debug|Any CPU
		{3FE0C81B-9440-4279-9665-D30A44BFB58A}.Release|Any CPU.ActiveCfg = Release|Any CPU
		{3FE0C81B-9440-4279-9665-D30A44BFB58A}.Release|Any CPU.Build.0 = Release|Any CPU
		{7F53FA0F-C071-4905-AE89-704984E7A7A8}.Debug|Any CPU.ActiveCfg = Debug|Any CPU
		{7F53FA0F-C071-4905-AE89-704984E7A7A8}.Debug|Any CPU.Build.0 = Debug|Any CPU
		{7F53FA0F-C071-4905-AE89-704984E7A7A8}.Release|Any CPU.ActiveCfg = Release|Any CPU
		{7F53FA0F-C071-4905-AE89-704984E7A7A8}.Release|Any CPU.Build.0 = Release|Any CPU
		{48B88008-7760-45E2-9025-4F60B4DCAB5A}.Debug|Any CPU.ActiveCfg = Debug|Any CPU
		{48B88008-7760-45E2-9025-4F60B4DCAB5A}.Debug|Any CPU.Build.0 = Debug|Any CPU
		{48B88008-7760-45E2-9025-4F60B4DCAB5A}.Release|Any CPU.ActiveCfg = Release|Any CPU
		{48B88008-7760-45E2-9025-4F60B4DCAB5A}.Release|Any CPU.Build.0 = Release|Any CPU
	EndGlobalSection
	GlobalSection(SolutionProperties) = preSolution
		HideSolutionNode = FALSE
	EndGlobalSection
	GlobalSection(ExtensibilityGlobals) = postSolution
		SolutionGuid = {2EB3F671-2D11-4A35-94B1-03B6059B59B5}
	EndGlobalSection
EndGlobal
